<Solution>
  <Project Path="Sloop.Core/Sloop.Core.csproj" />
  <Project Path="Sloop.Protocol.UsbPlayback.Tests/Sloop.Protocol.UsbPlayback.Tests.csproj" />
  <Project Path="Sloop.Protocol/Sloop.Protocol.csproj" />
  <Project Path="Sloop.Android/Sloop.Android.csproj" />
  <Project Path="Sloop.Protocol.Tests/Sloop.Protocol.Tests.csproj" />
  <Project Path="Sloop.Simulator/Sloop.Simulator.csproj" />
  <Project Path="Sloop.SoundDesign/Sloop.SoundDesign.csproj" />
  <Project Path="Sloop.SoundBank.Tests/Sloop.SoundBank.Tests.csproj" />
  <Project Path="Sloop.SoundDesign.Tests/Sloop.SoundDesign.Tests.csproj" />
  <Project Path="Sloop.DrumGrooves.Tests/Sloop.DrumGrooves.Tests.csproj" />
  <Project Path="Sloop.Fm6Editing.Tests/Sloop.Fm6Editing.Tests.csproj" />
  <Project Path="Sloop.Sequencing/Sloop.Sequencing.csproj" />
  <Project Path="Sloop.Sequencing.Tests/Sloop.Sequencing.Tests.csproj" />
  <Project Path="Sloop.SampleEncoding/Sloop.SampleEncoding.csproj" />
  <Project Path="Sloop.SampleEncoding.Tests/Sloop.SampleEncoding.Tests.csproj" />
  <Project Path="Sloop.Workstation/Sloop.Workstation.csproj" />
  <Project Path="Sloop.Workstation.Tests/Sloop.Workstation.Tests.csproj" />
  <Project Path="Sloop.Transport.Tests/Sloop.Transport.Tests.csproj" />
  <Project Path="Sloop.SamplingTools.Tests/Sloop.SamplingTools.Tests.csproj" />
  <Project Path="Sloop.Sessions.Tests/Sloop.Sessions.Tests.csproj" />
  <Project Path="Sloop.SessionIntegration.Tests/Sloop.SessionIntegration.Tests.csproj" />
  <Project Path="Sloop.HardwarePerformance.Tests/Sloop.HardwarePerformance.Tests.csproj" />
  <Project Path="Sloop.Integration.Tests/Sloop.Integration.Tests.csproj" />
  <Project Path="Sloop.Scenes/Sloop.Scenes.csproj" />
  <Project Path="Sloop.Scenes.Android/Sloop.Scenes.Android.csproj" />
  <Project Path="Sloop.Scenes.Tests/Sloop.Scenes.Tests.csproj" />
  <Project Path="Sloop.SceneHardware.Tests/Sloop.SceneHardware.Tests.csproj" />
  <Project Path="Sloop.SamplePitch.Tests/Sloop.SamplePitch.Tests.csproj" />
  <Project Path="Sloop.PianoRoll.Tests/Sloop.PianoRoll.Tests.csproj" />
  <Project Path="Sloop.Composition.Tests/Sloop.Composition.Tests.csproj" />
  <Project Path="Sloop.PerformanceControls.Tests/Sloop.PerformanceControls.Tests.csproj" />
  <Project Path="Sloop.SoundAudition.Tests/Sloop.SoundAudition.Tests.csproj" />
  <Project Path="Sloop.SceneTransaction.Tests/Sloop.SceneTransaction.Tests.csproj" />
  <Project Path="Sloop.SessionSettings.Tests/Sloop.SessionSettings.Tests.csproj" />
  <Project Path="Sloop.SampleLibrary.Tests/Sloop.SampleLibrary.Tests.csproj" />
  <Project Path="Sloop.MusicalStarters.Tests/Sloop.MusicalStarters.Tests.csproj" />
</Solution>
